PODS:
  - CryptoSwift (0.8.3)
  - FBSnapshotTestCase (2.1.4):
    - FBSnapshotTestCase/SwiftSupport (= 2.1.4)
  - FBSnapshotTestCase/Core (2.1.4)
  - FBSnapshotTestCase/SwiftSupport (2.1.4):
    - FBSnapshotTestCase/Core
  - Nimble (7.0.3)
  - Nimble-Snapshots (6.3.0):
    - Nimble-Snapshots/Core (= 6.3.0)
  - Nimble-Snapshots/Core (6.3.0):
    - FBSnapshotTestCase (~> 2.0)
    - Nimble (~> 7.0)
  - NYDownLoadLib (0.1.0):
    - CryptoSwift
  - Quick (1.2.0)

DEPENDENCIES:
  - FBSnapshotTestCase (~> 2.1.4)
  - Nimble (~> 7.0.2)
  - Nimble-Snapshots (~> 6.3.0)
  - NYDownLoadLib (from `../`)
  - Quick (~> 1.2.0)

EXTERNAL SOURCES:
  NYDownLoadLib:
    :path: ../

SPEC CHECKSUMS:
  CryptoSwift: 033efc3523865d19cc6ab6612fa17a62613b5dfa
  FBSnapshotTestCase: 094f9f314decbabe373b87cc339bea235a63e07a
  Nimble: 7f5a9c447a33002645a071bddafbfb24ea70e0ac
  Nimble-Snapshots: f5459b5b091678dc942d03ec4741cacb58ba4a52
  NYDownLoadLib: 2afdc091fee265090f599499759af7510cc63a29
  Quick: 58d203b1c5e27fff7229c4c1ae445ad7069a7a08

PODFILE CHECKSUM: 612771e047aa92b5e439d77dabe548dbf9a7031e

COCOAPODS: 1.4.0
